
Microsoft Visual Studio Solution File, Format Version 12.00
Project("{2150E333-8FDC-42A3-9474-1A3956D46DE8}") = "src", "src", "{228C4FD9-7548-4F88-9869-9FB58866BB80}"
EndProject
Project("{2150E333-8FDC-42A3-9474-1A3956D46DE8}") = "tests", "tests", "{2D747556-48A8-4B2A-95AD-646161A43DB7}"
EndProject
Project("{2150E333-8FDC-42A3-9474-1A3956D46DE8}") = "Core", "Core", "{8C5DADAB-9F0A-40CF-B364-097D46A47E34}"
EndProject
Project("{2150E333-8FDC-42A3-9474-1A3956D46DE8}") = "Infrastructure", "Infrastructure", "{AE8A4338-1AE8-41E9-84D7-DC1BBA092522}"
EndProject
Project("{2150E333-8FDC-42A3-9474-1A3956D46DE8}") = "Presentation", "Presentation", "{D8BE105F-2039-47FF-820D-08072485BFEB}"
EndProject
Project("{FAE04EC0-301F-11D3-BF4B-00C04F79EFBC}") = "Indimin.Application", "Indimin.Application\Indimin.Application.csproj", "{1C9BAC41-ABFA-4172-BB64-B2B1C5CB9D9F}"
EndProject
Project("{FAE04EC0-301F-11D3-BF4B-00C04F79EFBC}") = "Indimin.Domain", "Indimin.Domain\Indimin.Domain.csproj", "{FFD5518D-6E05-444B-8BD6-216CD38F50DB}"
EndProject
Project("{FAE04EC0-301F-11D3-BF4B-00C04F79EFBC}") = "Indimin.Persistence", "Indimin.Persistence\Indimin.Persistence.csproj", "{0E6FD2C2-EB66-46BD-90CA-3D7F069524A1}"
EndProject
Project("{FAE04EC0-301F-11D3-BF4B-00C04F79EFBC}") = "Indimin.API", "Indimin.API\Indimin.API.csproj", "{A90C200D-237C-495F-AC31-3656B18FA33B}"
EndProject
Project("{FAE04EC0-301F-11D3-BF4B-00C04F79EFBC}") = "TestUnit", "TestUnit\TestUnit.csproj", "{01E530DD-B831-43D6-968F-854385D1ABD4}"
EndProject
Global
	GlobalSection(SolutionConfigurationPlatforms) = preSolution
		Debug|Any CPU = Debug|Any CPU
		Release|Any CPU = Release|Any CPU
	EndGlobalSection
	GlobalSection(NestedProjects) = preSolution
		{8C5DADAB-9F0A-40CF-B364-097D46A47E34} = {228C4FD9-7548-4F88-9869-9FB58866BB80}
		{AE8A4338-1AE8-41E9-84D7-DC1BBA092522} = {228C4FD9-7548-4F88-9869-9FB58866BB80}
		{D8BE105F-2039-47FF-820D-08072485BFEB} = {228C4FD9-7548-4F88-9869-9FB58866BB80}
		{1C9BAC41-ABFA-4172-BB64-B2B1C5CB9D9F} = {8C5DADAB-9F0A-40CF-B364-097D46A47E34}
		{FFD5518D-6E05-444B-8BD6-216CD38F50DB} = {8C5DADAB-9F0A-40CF-B364-097D46A47E34}
		{0E6FD2C2-EB66-46BD-90CA-3D7F069524A1} = {AE8A4338-1AE8-41E9-84D7-DC1BBA092522}
		{A90C200D-237C-495F-AC31-3656B18FA33B} = {D8BE105F-2039-47FF-820D-08072485BFEB}
		{01E530DD-B831-43D6-968F-854385D1ABD4} = {2D747556-48A8-4B2A-95AD-646161A43DB7}
	EndGlobalSection
	GlobalSection(ProjectConfigurationPlatforms) = postSolution
		{1C9BAC41-ABFA-4172-BB64-B2B1C5CB9D9F}.Debug|Any CPU.ActiveCfg = Debug|Any CPU
		{1C9BAC41-ABFA-4172-BB64-B2B1C5CB9D9F}.Debug|Any CPU.Build.0 = Debug|Any CPU
		{1C9BAC41-ABFA-4172-BB64-B2B1C5CB9D9F}.Release|Any CPU.ActiveCfg = Release|Any CPU
		{1C9BAC41-ABFA-4172-BB64-B2B1C5CB9D9F}.Release|Any CPU.Build.0 = Release|Any CPU
		{FFD5518D-6E05-444B-8BD6-216CD38F50DB}.Debug|Any CPU.ActiveCfg = Debug|Any CPU
		{FFD5518D-6E05-444B-8BD6-216CD38F50DB}.Debug|Any CPU.Build.0 = Debug|Any CPU
		{FFD5518D-6E05-444B-8BD6-216CD38F50DB}.Release|Any CPU.ActiveCfg = Release|Any CPU
		{FFD5518D-6E05-444B-8BD6-216CD38F50DB}.Release|Any CPU.Build.0 = Release|Any CPU
		{0E6FD2C2-EB66-46BD-90CA-3D7F069524A1}.Debug|Any CPU.ActiveCfg = Debug|Any CPU
		{0E6FD2C2-EB66-46BD-90CA-3D7F069524A1}.Debug|Any CPU.Build.0 = Debug|Any CPU
		{0E6FD2C2-EB66-46BD-90CA-3D7F069524A1}.Release|Any CPU.ActiveCfg = Release|Any CPU
		{0E6FD2C2-EB66-46BD-90CA-3D7F069524A1}.Release|Any CPU.Build.0 = Release|Any CPU
		{A90C200D-237C-495F-AC31-3656B18FA33B}.Debug|Any CPU.ActiveCfg = Debug|Any CPU
		{A90C200D-237C-495F-AC31-3656B18FA33B}.Debug|Any CPU.Build.0 = Debug|Any CPU
		{A90C200D-237C-495F-AC31-3656B18FA33B}.Release|Any CPU.ActiveCfg = Release|Any CPU
		{A90C200D-237C-495F-AC31-3656B18FA33B}.Release|Any CPU.Build.0 = Release|Any CPU
		{01E530DD-B831-43D6-968F-854385D1ABD4}.Debug|Any CPU.ActiveCfg = Debug|Any CPU
		{01E530DD-B831-43D6-968F-854385D1ABD4}.Debug|Any CPU.Build.0 = Debug|Any CPU
		{01E530DD-B831-43D6-968F-854385D1ABD4}.Release|Any CPU.ActiveCfg = Release|Any CPU
		{01E530DD-B831-43D6-968F-854385D1ABD4}.Release|Any CPU.Build.0 = Release|Any CPU
	EndGlobalSection
EndGlobal
